
Microsoft Visual Studio Solution File, Format Version 12.00
# Visual Studio 15
VisualStudioVersion = 15.0.27703.2000
MinimumVisualStudioVersion = 10.0.40219.1
Project("{FAE04EC0-301F-11D3-BF4B-00C04F79EFBC}") = "EducationalPratice_Task_12", "EducationalPratice_Task_12\EducationalPratice_Task_12.csproj", "{241EC056-826E-4757-AAD2-B8379B57BDA7}"
EndProject
Global
	GlobalSection(SolutionConfigurationPlatforms) = preSolution
		Debug|Any CPU = Debug|Any CPU
		Release|Any CPU = Release|Any CPU
	EndGlobalSection
	GlobalSection(ProjectConfigurationPlatforms) = postSolution
		{241EC056-826E-4757-AAD2-B8379B57BDA7}.Debug|Any CPU.ActiveCfg = Debug|Any CPU
		{241EC056-826E-4757-AAD2-B8379B57BDA7}.Debug|Any CPU.Build.0 = Debug|Any CPU
		{241EC056-826E-4757-AAD2-B8379B57BDA7}.Release|Any CPU.ActiveCfg = Release|Any CPU
		{241EC056-826E-4757-AAD2-B8379B57BDA7}.Release|Any CPU.Build.0 = Release|Any CPU
	EndGlobalSection
	GlobalSection(SolutionProperties) = preSolution
		HideSolutionNode = FALSE
	EndGlobalSection
	GlobalSection(ExtensibilityGlobals) = postSolution
		SolutionGuid = {0897E9AE-A475-40B7-BD45-2C9DA63CB3FD}
	EndGlobalSection
EndGlobal
